// !$*UTF8*$!
{
	archiveVersion = 1;
	classes = {
	};
	objectVersion = 51;
	objects = {

/* Begin PBXBuildFile section */
		3ECA17A46D907975036FBF05 /* Pods_Schedule.framework in Frameworks */ = {isa = PBXBuildFile; fileRef = 8688B358A49BD3D29C0A9D27 /* Pods_Schedule.framework */; };
		641A4327242496FB00BEFE35 /* CalendarViewController.swift in Sources */ = {isa = PBXBuildFile; fileRef = 641A4326242496FB00BEFE35 /* CalendarViewController.swift */; };
		641A4329242560ED00BEFE35 /* CalendarCollectionViewCell.swift in Sources */ = {isa = PBXBuildFile; fileRef = 641A4328242560ED00BEFE35 /* CalendarCollectionViewCell.swift */; };
		641A432B2425AD7400BEFE35 /* CalendarVars.swift in Sources */ = {isa = PBXBuildFile; fileRef = 641A432A2425AD7400BEFE35 /* CalendarVars.swift */; };
		64757113242FB08A0064892C /* events.json in Resources */ = {isa = PBXBuildFile; fileRef = 64757112242FB08A0064892C /* events.json */; };
		649EDDFA245793CF001D56A8 /* SchedulerGlobals.swift in Sources */ = {isa = PBXBuildFile; fileRef = 649EDDF9245793CF001D56A8 /* SchedulerGlobals.swift */; };
		649EDDFF2457FA3C001D56A8 /* WeeklyEventViewer.swift in Sources */ = {isa = PBXBuildFile; fileRef = 649EDDFD2457FA3C001D56A8 /* WeeklyEventViewer.swift */; };
		649EDE002457FA3C001D56A8 /* WeeklyViewController.swift in Sources */ = {isa = PBXBuildFile; fileRef = 649EDDFE2457FA3C001D56A8 /* WeeklyViewController.swift */; };
		649EDE0224581318001D56A8 /* AddCourseViewController.swift in Sources */ = {isa = PBXBuildFile; fileRef = 649EDE0124581318001D56A8 /* AddCourseViewController.swift */; };
		649EDE09245892D7001D56A8 /* EventsDB.xcdatamodeld in Sources */ = {isa = PBXBuildFile; fileRef = 649EDE07245892D7001D56A8 /* EventsDB.xcdatamodeld */; };
		649EDE1624589B35001D56A8 /* CourseDetailViewController.swift in Sources */ = {isa = PBXBuildFile; fileRef = 649EDE1524589B35001D56A8 /* CourseDetailViewController.swift */; };
		649EDE182458A0E6001D56A8 /* TaskTableViewController.swift in Sources */ = {isa = PBXBuildFile; fileRef = 649EDE172458A0E6001D56A8 /* TaskTableViewController.swift */; };
		649EDE1A2458A112001D56A8 /* AddTaskViewController.swift in Sources */ = {isa = PBXBuildFile; fileRef = 649EDE192458A112001D56A8 /* AddTaskViewController.swift */; };
		649EDE1E2458A714001D56A8 /* TaskTableViewCell.swift in Sources */ = {isa = PBXBuildFile; fileRef = 649EDE1D2458A714001D56A8 /* TaskTableViewCell.swift */; };
		649EDE202458B2A9001D56A8 /* MainTabBarController.swift in Sources */ = {isa = PBXBuildFile; fileRef = 649EDE1F2458B2A9001D56A8 /* MainTabBarController.swift */; };
		649EDE222458EF2D001D56A8 /* CourseFirebaseModel.swift in Sources */ = {isa = PBXBuildFile; fileRef = 649EDE212458EF2C001D56A8 /* CourseFirebaseModel.swift */; };
		649EDE242458FB60001D56A8 /* TaskDetailViewController.swift in Sources */ = {isa = PBXBuildFile; fileRef = 649EDE232458FB60001D56A8 /* TaskDetailViewController.swift */; };
		649EDE5D2459142E001D56A8 /* PersistenceManager.swift in Sources */ = {isa = PBXBuildFile; fileRef = 649EDE5C2459142E001D56A8 /* PersistenceManager.swift */; };
		649EDE5F245918DA001D56A8 /* CoredataConstants.swift in Sources */ = {isa = PBXBuildFile; fileRef = 649EDE5E245918DA001D56A8 /* CoredataConstants.swift */; };
		649EDE862459416A001D56A8 /* Task+CoreDataClass.swift in Sources */ = {isa = PBXBuildFile; fileRef = 649EDE822459416A001D56A8 /* Task+CoreDataClass.swift */; };
		649EDE872459416A001D56A8 /* Task+CoreDataProperties.swift in Sources */ = {isa = PBXBuildFile; fileRef = 649EDE832459416A001D56A8 /* Task+CoreDataProperties.swift */; };
		649EDE882459416A001D56A8 /* Course+CoreDataClass.swift in Sources */ = {isa = PBXBuildFile; fileRef = 649EDE842459416A001D56A8 /* Course+CoreDataClass.swift */; };
		649EDE892459416A001D56A8 /* Course+CoreDataProperties.swift in Sources */ = {isa = PBXBuildFile; fileRef = 649EDE852459416A001D56A8 /* Course+CoreDataProperties.swift */; };
		649EDE8B245953C6001D56A8 /* WeeklyCoredataDecoder.swift in Sources */ = {isa = PBXBuildFile; fileRef = 649EDE8A245953C6001D56A8 /* WeeklyCoredataDecoder.swift */; };
		649EDE8D2459688F001D56A8 /* EditTaskViewController.swift in Sources */ = {isa = PBXBuildFile; fileRef = 649EDE8C2459688F001D56A8 /* EditTaskViewController.swift */; };
		649EDE9024598E63001D56A8 /* FirebaseConstants.swift in Sources */ = {isa = PBXBuildFile; fileRef = 649EDE8F24598E63001D56A8 /* FirebaseConstants.swift */; };
		649EDE9224598E75001D56A8 /* FirebaseManager.swift in Sources */ = {isa = PBXBuildFile; fileRef = 649EDE9124598E75001D56A8 /* FirebaseManager.swift */; };
		649EDE942459902E001D56A8 /* GoogleService-Info.plist in Resources */ = {isa = PBXBuildFile; fileRef = 649EDE932459902E001D56A8 /* GoogleService-Info.plist */; };
		CC36145B24204FF500A311BC /* AppDelegate.swift in Sources */ = {isa = PBXBuildFile; fileRef = CC36145A24204FF500A311BC /* AppDelegate.swift */; };
		CC36145D24204FF500A311BC /* SceneDelegate.swift in Sources */ = {isa = PBXBuildFile; fileRef = CC36145C24204FF500A311BC /* SceneDelegate.swift */; };
		CC36146224204FF500A311BC /* Main.storyboard in Resources */ = {isa = PBXBuildFile; fileRef = CC36146024204FF500A311BC /* Main.storyboard */; };
		CC36146424204FFB00A311BC /* Assets.xcassets in Resources */ = {isa = PBXBuildFile; fileRef = CC36146324204FFB00A311BC /* Assets.xcassets */; };
		CC36146724204FFB00A311BC /* LaunchScreen.storyboard in Resources */ = {isa = PBXBuildFile; fileRef = CC36146524204FFB00A311BC /* LaunchScreen.storyboard */; };
		CC6043EC242089E20024156B /* CourseViewController.swift in Sources */ = {isa = PBXBuildFile; fileRef = CC6043EB242089E20024156B /* CourseViewController.swift */; };
		CC6043EE24208A140024156B /* CourseTableViewCell.swift in Sources */ = {isa = PBXBuildFile; fileRef = CC6043ED24208A140024156B /* CourseTableViewCell.swift */; };
/* End PBXBuildFile section */

/* Begin PBXFileReference section */
		452A89B2C493913DAF69BC6C /* Pods-Schedule.debug.xcconfig */ = {isa = PBXFileReference; includeInIndex = 1; lastKnownFileType = text.xcconfig; name = "Pods-Schedule.debug.xcconfig"; path = "Target Support Files/Pods-Schedule/Pods-Schedule.debug.xcconfig"; sourceTree = "<group>"; };
		641A4326242496FB00BEFE35 /* CalendarViewController.swift */ = {isa = PBXFileReference; lastKnownFileType = sourcecode.swift; path = CalendarViewController.swift; sourceTree = "<group>"; };
		641A4328242560ED00BEFE35 /* CalendarCollectionViewCell.swift */ = {isa = PBXFileReference; lastKnownFileType = sourcecode.swift; path = CalendarCollectionViewCell.swift; sourceTree = "<group>"; };
		641A432A2425AD7400BEFE35 /* CalendarVars.swift */ = {isa = PBXFileReference; lastKnownFileType = sourcecode.swift; path = CalendarVars.swift; sourceTree = "<group>"; };
		64757112242FB08A0064892C /* events.json */ = {isa = PBXFileReference; fileEncoding = 4; lastKnownFileType = text.json; path = events.json; sourceTree = "<group>"; };
		649EDDF9245793CF001D56A8 /* SchedulerGlobals.swift */ = {isa = PBXFileReference; lastKnownFileType = sourcecode.swift; path = SchedulerGlobals.swift; sourceTree = "<group>"; };
		649EDDFD2457FA3C001D56A8 /* WeeklyEventViewer.swift */ = {isa = PBXFileReference; fileEncoding = 4; lastKnownFileType = sourcecode.swift; path = WeeklyEventViewer.swift; sourceTree = "<group>"; };
		649EDDFE2457FA3C001D56A8 /* WeeklyViewController.swift */ = {isa = PBXFileReference; fileEncoding = 4; lastKnownFileType = sourcecode.swift; path = WeeklyViewController.swift; sourceTree = "<group>"; };
		649EDE0124581318001D56A8 /* AddCourseViewController.swift */ = {isa = PBXFileReference; lastKnownFileType = sourcecode.swift; path = AddCourseViewController.swift; sourceTree = "<group>"; };
		649EDE08245892D7001D56A8 /* EventsDB.xcdatamodel */ = {isa = PBXFileReference; lastKnownFileType = wrapper.xcdatamodel; path = EventsDB.xcdatamodel; sourceTree = "<group>"; };
		649EDE1524589B35001D56A8 /* CourseDetailViewController.swift */ = {isa = PBXFileReference; lastKnownFileType = sourcecode.swift; path = CourseDetailViewController.swift; sourceTree = "<group>"; };
		649EDE172458A0E6001D56A8 /* TaskTableViewController.swift */ = {isa = PBXFileReference; lastKnownFileType = sourcecode.swift; path = TaskTableViewController.swift; sourceTree = "<group>"; };
		649EDE192458A112001D56A8 /* AddTaskViewController.swift */ = {isa = PBXFileReference; lastKnownFileType = sourcecode.swift; path = AddTaskViewController.swift; sourceTree = "<group>"; };
		649EDE1D2458A714001D56A8 /* TaskTableViewCell.swift */ = {isa = PBXFileReference; lastKnownFileType = sourcecode.swift; path = TaskTableViewCell.swift; sourceTree = "<group>"; };
		649EDE1F2458B2A9001D56A8 /* MainTabBarController.swift */ = {isa = PBXFileReference; lastKnownFileType = sourcecode.swift; path = MainTabBarController.swift; sourceTree = "<group>"; };
		649EDE212458EF2C001D56A8 /* CourseFirebaseModel.swift */ = {isa = PBXFileReference; lastKnownFileType = sourcecode.swift; path = CourseFirebaseModel.swift; sourceTree = "<group>"; };
		649EDE232458FB60001D56A8 /* TaskDetailViewController.swift */ = {isa = PBXFileReference; lastKnownFileType = sourcecode.swift; path = TaskDetailViewController.swift; sourceTree = "<group>"; };
		649EDE5C2459142E001D56A8 /* PersistenceManager.swift */ = {isa = PBXFileReference; lastKnownFileType = sourcecode.swift; path = PersistenceManager.swift; sourceTree = "<group>"; };
		649EDE5E245918DA001D56A8 /* CoredataConstants.swift */ = {isa = PBXFileReference; lastKnownFileType = sourcecode.swift; path = CoredataConstants.swift; sourceTree = "<group>"; };
		649EDE822459416A001D56A8 /* Task+CoreDataClass.swift */ = {isa = PBXFileReference; lastKnownFileType = sourcecode.swift; path = "Task+CoreDataClass.swift"; sourceTree = SOURCE_ROOT; };
		649EDE832459416A001D56A8 /* Task+CoreDataProperties.swift */ = {isa = PBXFileReference; lastKnownFileType = sourcecode.swift; path = "Task+CoreDataProperties.swift"; sourceTree = SOURCE_ROOT; };
		649EDE842459416A001D56A8 /* Course+CoreDataClass.swift */ = {isa = PBXFileReference; lastKnownFileType = sourcecode.swift; path = "Course+CoreDataClass.swift"; sourceTree = SOURCE_ROOT; };
		649EDE852459416A001D56A8 /* Course+CoreDataProperties.swift */ = {isa = PBXFileReference; lastKnownFileType = sourcecode.swift; path = "Course+CoreDataProperties.swift"; sourceTree = SOURCE_ROOT; };
		649EDE8A245953C6001D56A8 /* WeeklyCoredataDecoder.swift */ = {isa = PBXFileReference; lastKnownFileType = sourcecode.swift; path = WeeklyCoredataDecoder.swift; sourceTree = "<group>"; };
		649EDE8C2459688F001D56A8 /* EditTaskViewController.swift */ = {isa = PBXFileReference; lastKnownFileType = sourcecode.swift; path = EditTaskViewController.swift; sourceTree = "<group>"; };
		649EDE8F24598E63001D56A8 /* FirebaseConstants.swift */ = {isa = PBXFileReference; lastKnownFileType = sourcecode.swift; path = FirebaseConstants.swift; sourceTree = "<group>"; };
		649EDE9124598E75001D56A8 /* FirebaseManager.swift */ = {isa = PBXFileReference; lastKnownFileType = sourcecode.swift; path = FirebaseManager.swift; sourceTree = "<group>"; };
		649EDE932459902E001D56A8 /* GoogleService-Info.plist */ = {isa = PBXFileReference; fileEncoding = 4; lastKnownFileType = text.plist.xml; path = "GoogleService-Info.plist"; sourceTree = "<group>"; };
		8688B358A49BD3D29C0A9D27 /* Pods_Schedule.framework */ = {isa = PBXFileReference; explicitFileType = wrapper.framework; includeInIndex = 0; path = Pods_Schedule.framework; sourceTree = BUILT_PRODUCTS_DIR; };
		AE307C82376F018D03CA4949 /* Pods-Schedule.release.xcconfig */ = {isa = PBXFileReference; includeInIndex = 1; lastKnownFileType = text.xcconfig; name = "Pods-Schedule.release.xcconfig"; path = "Target Support Files/Pods-Schedule/Pods-Schedule.release.xcconfig"; sourceTree = "<group>"; };
		CC36145724204FF500A311BC /* Schedule.app */ = {isa = PBXFileReference; explicitFileType = wrapper.application; includeInIndex = 0; path = Schedule.app; sourceTree = BUILT_PRODUCTS_DIR; };
		CC36145A24204FF500A311BC /* AppDelegate.swift */ = {isa = PBXFileReference; lastKnownFileType = sourcecode.swift; path = AppDelegate.swift; sourceTree = "<group>"; };
		CC36145C24204FF500A311BC /* SceneDelegate.swift */ = {isa = PBXFileReference; lastKnownFileType = sourcecode.swift; path = SceneDelegate.swift; sourceTree = "<group>"; };
		CC36146124204FF500A311BC /* Base */ = {isa = PBXFileReference; lastKnownFileType = file.storyboard; name = Base; path = Base.lproj/Main.storyboard; sourceTree = "<group>"; };
		CC36146324204FFB00A311BC /* Assets.xcassets */ = {isa = PBXFileReference; lastKnownFileType = folder.assetcatalog; path = Assets.xcassets; sourceTree = "<group>"; };
		CC36146624204FFB00A311BC /* Base */ = {isa = PBXFileReference; lastKnownFileType = file.storyboard; name = Base; path = Base.lproj/LaunchScreen.storyboard; sourceTree = "<group>"; };
		CC36146824204FFB00A311BC /* Info.plist */ = {isa = PBXFileReference; lastKnownFileType = text.plist.xml; path = Info.plist; sourceTree = "<group>"; };
		CC6043EB242089E20024156B /* CourseViewController.swift */ = {isa = PBXFileReference; lastKnownFileType = sourcecode.swift; path = CourseViewController.swift; sourceTree = "<group>"; };
		CC6043ED24208A140024156B /* CourseTableViewCell.swift */ = {isa = PBXFileReference; lastKnownFileType = sourcecode.swift; path = CourseTableViewCell.swift; sourceTree = "<group>"; };
/* End PBXFileReference section */

/* Begin PBXFrameworksBuildPhase section */
		CC36145424204FF500A311BC /* Frameworks */ = {
			isa = PBXFrameworksBuildPhase;
			buildActionMask = 2147483647;
			files = (
				3ECA17A46D907975036FBF05 /* Pods_Schedule.framework in Frameworks */,
			);
			runOnlyForDeploymentPostprocessing = 0;
		};
/* End PBXFrameworksBuildPhase section */

/* Begin PBXGroup section */
		11FFA703F1604E66F6AC592F /* Frameworks */ = {
			isa = PBXGroup;
			children = (
				8688B358A49BD3D29C0A9D27 /* Pods_Schedule.framework */,
			);
			name = Frameworks;
			sourceTree = "<group>";
		};
		5239E0C46F7EA849DA0AB6AA /* Pods */ = {
			isa = PBXGroup;
			children = (
				452A89B2C493913DAF69BC6C /* Pods-Schedule.debug.xcconfig */,
				AE307C82376F018D03CA4949 /* Pods-Schedule.release.xcconfig */,
			);
			path = Pods;
			sourceTree = "<group>";
		};
		641A4320242158A300BEFE35 /* LocalDatabase */ = {
			isa = PBXGroup;
			children = (
				649EDE822459416A001D56A8 /* Task+CoreDataClass.swift */,
				649EDE832459416A001D56A8 /* Task+CoreDataProperties.swift */,
				649EDE842459416A001D56A8 /* Course+CoreDataClass.swift */,
				649EDE852459416A001D56A8 /* Course+CoreDataProperties.swift */,
				649EDE07245892D7001D56A8 /* EventsDB.xcdatamodeld */,
				649EDE5C2459142E001D56A8 /* PersistenceManager.swift */,
				649EDE5E245918DA001D56A8 /* CoredataConstants.swift */,
			);
			path = LocalDatabase;
			sourceTree = "<group>";
		};
		641A43242422B29300BEFE35 /* Calendar */ = {
			isa = PBXGroup;
			children = (
				641A4326242496FB00BEFE35 /* CalendarViewController.swift */,
				641A4328242560ED00BEFE35 /* CalendarCollectionViewCell.swift */,
				641A432A2425AD7400BEFE35 /* CalendarVars.swift */,
			);
			path = Calendar;
			sourceTree = "<group>";
		};
		641A43252424015C00BEFE35 /* Weekly */ = {
			isa = PBXGroup;
			children = (
				649EDDFD2457FA3C001D56A8 /* WeeklyEventViewer.swift */,
				649EDDFE2457FA3C001D56A8 /* WeeklyViewController.swift */,
				64757112242FB08A0064892C /* events.json */,
				649EDE8A245953C6001D56A8 /* WeeklyCoredataDecoder.swift */,
			);
			path = Weekly;
			sourceTree = "<group>";
		};
		649EDDF82457939D001D56A8 /* Utilities */ = {
			isa = PBXGroup;
			children = (
				649EDDF9245793CF001D56A8 /* SchedulerGlobals.swift */,
				649EDE1F2458B2A9001D56A8 /* MainTabBarController.swift */,
			);
			path = Utilities;
			sourceTree = "<group>";
		};
		649EDE8E24598E3B001D56A8 /* FirebaseDataBase */ = {
			isa = PBXGroup;
			children = (
				649EDE8F24598E63001D56A8 /* FirebaseConstants.swift */,
				649EDE9124598E75001D56A8 /* FirebaseManager.swift */,
			);
			path = FirebaseDataBase;
			sourceTree = "<group>";
		};
		CC36144E24204FF500A311BC = {
			isa = PBXGroup;
			children = (
				CC36145924204FF500A311BC /* Schedule */,
				CC36145824204FF500A311BC /* Products */,
				5239E0C46F7EA849DA0AB6AA /* Pods */,
				11FFA703F1604E66F6AC592F /* Frameworks */,
			);
			sourceTree = "<group>";
		};
		CC36145824204FF500A311BC /* Products */ = {
			isa = PBXGroup;
			children = (
				CC36145724204FF500A311BC /* Schedule.app */,
			);
			name = Products;
			sourceTree = "<group>";
		};
		CC36145924204FF500A311BC /* Schedule */ = {
			isa = PBXGroup;
			children = (
				649EDE8E24598E3B001D56A8 /* FirebaseDataBase */,
				649EDDF82457939D001D56A8 /* Utilities */,
				641A43252424015C00BEFE35 /* Weekly */,
				641A43242422B29300BEFE35 /* Calendar */,
				641A4320242158A300BEFE35 /* LocalDatabase */,
				CC6043EF24208EF10024156B /* Course */,
				CC6043EA2420885B0024156B /* Task */,
				CC36145A24204FF500A311BC /* AppDelegate.swift */,
				649EDE932459902E001D56A8 /* GoogleService-Info.plist */,
				CC36145C24204FF500A311BC /* SceneDelegate.swift */,
				CC36146024204FF500A311BC /* Main.storyboard */,
				CC36146324204FFB00A311BC /* Assets.xcassets */,
				CC36146524204FFB00A311BC /* LaunchScreen.storyboard */,
				CC36146824204FFB00A311BC /* Info.plist */,
			);
			path = Schedule;
			sourceTree = "<group>";
		};
		CC6043EA2420885B0024156B /* Task */ = {
			isa = PBXGroup;
			children = (
				649EDE172458A0E6001D56A8 /* TaskTableViewController.swift */,
				649EDE192458A112001D56A8 /* AddTaskViewController.swift */,
				649EDE1D2458A714001D56A8 /* TaskTableViewCell.swift */,
				649EDE232458FB60001D56A8 /* TaskDetailViewController.swift */,
				649EDE8C2459688F001D56A8 /* EditTaskViewController.swift */,
			);
			path = Task;
			sourceTree = "<group>";
		};
		CC6043EF24208EF10024156B /* Course */ = {
			isa = PBXGroup;
			children = (
				CC6043ED24208A140024156B /* CourseTableViewCell.swift */,
				CC6043EB242089E20024156B /* CourseViewController.swift */,
				649EDE0124581318001D56A8 /* AddCourseViewController.swift */,
				649EDE1524589B35001D56A8 /* CourseDetailViewController.swift */,
				649EDE212458EF2C001D56A8 /* CourseFirebaseModel.swift */,
			);
			path = Course;
			sourceTree = "<group>";
		};
/* End PBXGroup section */

/* Begin PBXNativeTarget section */
		CC36145624204FF500A311BC /* Schedule */ = {
			isa = PBXNativeTarget;
			buildConfigurationList = CC36146B24204FFB00A311BC /* Build configuration list for PBXNativeTarget "Schedule" */;
			buildPhases = (
				95172008F3A2CA59E7EAA700 /* [CP] Check Pods Manifest.lock */,
				CC36145324204FF500A311BC /* Sources */,
				CC36145424204FF500A311BC /* Frameworks */,
				CC36145524204FF500A311BC /* Resources */,
				1668374E7FDCAB5BD1A13396 /* [CP] Embed Pods Frameworks */,
			);
			buildRules = (
			);
			dependencies = (
			);
			name = Schedule;
			productName = Schedule;
			productReference = CC36145724204FF500A311BC /* Schedule.app */;
			productType = "com.apple.product-type.application";
		};
/* End PBXNativeTarget section */

/* Begin PBXProject section */
		CC36144F24204FF500A311BC /* Project object */ = {
			isa = PBXProject;
			attributes = {
				LastSwiftUpdateCheck = 1130;
				LastUpgradeCheck = 1130;
				ORGANIZATIONNAME = "Le Sun";
				TargetAttributes = {
					CC36145624204FF500A311BC = {
						CreatedOnToolsVersion = 11.3.1;
					};
				};
			};
			buildConfigurationList = CC36145224204FF500A311BC /* Build configuration list for PBXProject "Schedule" */;
			compatibilityVersion = "Xcode 9.3";
			developmentRegion = en;
			hasScannedForEncodings = 0;
			knownRegions = (
				en,
				Base,
			);
			mainGroup = CC36144E24204FF500A311BC;
			productRefGroup = CC36145824204FF500A311BC /* Products */;
			projectDirPath = "";
			projectRoot = "";
			targets = (
				CC36145624204FF500A311BC /* Schedule */,
			);
		};
/* End PBXProject section */

/* Begin PBXResourcesBuildPhase section */
		CC36145524204FF500A311BC /* Resources */ = {
			isa = PBXResourcesBuildPhase;
			buildActionMask = 2147483647;
			files = (
				64757113242FB08A0064892C /* events.json in Resources */,
				CC36146724204FFB00A311BC /* LaunchScreen.storyboard in Resources */,
				649EDE942459902E001D56A8 /* GoogleService-Info.plist in Resources */,
				CC36146424204FFB00A311BC /* Assets.xcassets in Resources */,
				CC36146224204FF500A311BC /* Main.storyboard in Resources */,
			);
			runOnlyForDeploymentPostprocessing = 0;
		};
/* End PBXResourcesBuildPhase section */

/* Begin PBXShellScriptBuildPhase section */
		1668374E7FDCAB5BD1A13396 /* [CP] Embed Pods Frameworks */ = {
			isa = PBXShellScriptBuildPhase;
			buildActionMask = 2147483647;
			files = (
			);
			inputFileListPaths = (
				"${PODS_ROOT}/Target Support Files/Pods-Schedule/Pods-Schedule-frameworks-${CONFIGURATION}-input-files.xcfilelist",
			);
			name = "[CP] Embed Pods Frameworks";
			outputFileListPaths = (
				"${PODS_ROOT}/Target Support Files/Pods-Schedule/Pods-Schedule-frameworks-${CONFIGURATION}-output-files.xcfilelist",
			);
			runOnlyForDeploymentPostprocessing = 0;
			shellPath = /bin/sh;
			shellScript = "\"${PODS_ROOT}/Target Support Files/Pods-Schedule/Pods-Schedule-frameworks.sh\"\n";
			showEnvVarsInLog = 0;
		};
		95172008F3A2CA59E7EAA700 /* [CP] Check Pods Manifest.lock */ = {
			isa = PBXShellScriptBuildPhase;
			buildActionMask = 2147483647;
			files = (
			);
			inputFileListPaths = (
			);
			inputPaths = (
				"${PODS_PODFILE_DIR_PATH}/Podfile.lock",
				"${PODS_ROOT}/Manifest.lock",
			);
			name = "[CP] Check Pods Manifest.lock";
			outputFileListPaths = (
			);
			outputPaths = (
				"$(DERIVED_FILE_DIR)/Pods-Schedule-checkManifestLockResult.txt",
			);
			runOnlyForDeploymentPostprocessing = 0;
			shellPath = /bin/sh;
			shellScript = "diff \"${PODS_PODFILE_DIR_PATH}/Podfile.lock\" \"${PODS_ROOT}/Manifest.lock\" > /dev/null\nif [ $? != 0 ] ; then\n    # print error to STDERR\n    echo \"error: The sandbox is not in sync with the Podfile.lock. Run 'pod install' or update your CocoaPods installation.\" >&2\n    exit 1\nfi\n# This output is used by Xcode 'outputs' to avoid re-running this script phase.\necho \"SUCCESS\" > \"${SCRIPT_OUTPUT_FILE_0}\"\n";
			showEnvVarsInLog = 0;
		};
/* End PBXShellScriptBuildPhase section */

/* Begin PBXSourcesBuildPhase section */
		CC36145324204FF500A311BC /* Sources */ = {
			isa = PBXSourcesBuildPhase;
			buildActionMask = 2147483647;
			files = (
				649EDE242458FB60001D56A8 /* TaskDetailViewController.swift in Sources */,
				641A4329242560ED00BEFE35 /* CalendarCollectionViewCell.swift in Sources */,
				649EDE002457FA3C001D56A8 /* WeeklyViewController.swift in Sources */,
				649EDE5D2459142E001D56A8 /* PersistenceManager.swift in Sources */,
				649EDE202458B2A9001D56A8 /* MainTabBarController.swift in Sources */,
				649EDE5F245918DA001D56A8 /* CoredataConstants.swift in Sources */,
				649EDDFA245793CF001D56A8 /* SchedulerGlobals.swift in Sources */,
				CC36145B24204FF500A311BC /* AppDelegate.swift in Sources */,
				649EDE862459416A001D56A8 /* Task+CoreDataClass.swift in Sources */,
				649EDE09245892D7001D56A8 /* EventsDB.xcdatamodeld in Sources */,
				649EDE8B245953C6001D56A8 /* WeeklyCoredataDecoder.swift in Sources */,
				649EDE182458A0E6001D56A8 /* TaskTableViewController.swift in Sources */,
				CC36145D24204FF500A311BC /* SceneDelegate.swift in Sources */,
				641A4327242496FB00BEFE35 /* CalendarViewController.swift in Sources */,
				649EDDFF2457FA3C001D56A8 /* WeeklyEventViewer.swift in Sources */,
				649EDE0224581318001D56A8 /* AddCourseViewController.swift in Sources */,
				649EDE1E2458A714001D56A8 /* TaskTableViewCell.swift in Sources */,
				649EDE892459416A001D56A8 /* Course+CoreDataProperties.swift in Sources */,
				649EDE1624589B35001D56A8 /* CourseDetailViewController.swift in Sources */,
				649EDE9224598E75001D56A8 /* FirebaseManager.swift in Sources */,
				649EDE8D2459688F001D56A8 /* EditTaskViewController.swift in Sources */,
				649EDE9024598E63001D56A8 /* FirebaseConstants.swift in Sources */,
				649EDE1A2458A112001D56A8 /* AddTaskViewController.swift in Sources */,
				649EDE882459416A001D56A8 /* Course+CoreDataClass.swift in Sources */,
				649EDE222458EF2D001D56A8 /* CourseFirebaseModel.swift in Sources */,
				CC6043EE24208A140024156B /* CourseTableViewCell.swift in Sources */,
				641A432B2425AD7400BEFE35 /* CalendarVars.swift in Sources */,
				649EDE872459416A001D56A8 /* Task+CoreDataProperties.swift in Sources */,
				CC6043EC242089E20024156B /* CourseViewController.swift in Sources */,
			);
			runOnlyForDeploymentPostprocessing = 0;
		};
/* End PBXSourcesBuildPhase section */

/* Begin PBXVariantGroup section */
		CC36146024204FF500A311BC /* Main.storyboard */ = {
			isa = PBXVariantGroup;
			children = (
				CC36146124204FF500A311BC /* Base */,
			);
			name = Main.storyboard;
			sourceTree = "<group>";
		};
		CC36146524204FFB00A311BC /* LaunchScreen.storyboard */ = {
			isa = PBXVariantGroup;
			children = (
				CC36146624204FFB00A311BC /* Base */,
			);
			name = LaunchScreen.storyboard;
			sourceTree = "<group>";
		};
/* End PBXVariantGroup section */

/* Begin XCBuildConfiguration section */
		CC36146924204FFB00A311BC /* Debug */ = {
			isa = XCBuildConfiguration;
			buildSettings = {
				ALWAYS_SEARCH_USER_PATHS = NO;
				CLANG_ANALYZER_NONNULL = YES;
				CLANG_ANALYZER_NUMBER_OBJECT_CONVERSION = YES_AGGRESSIVE;
				CLANG_CXX_LANGUAGE_STANDARD = "gnu++14";
				CLANG_CXX_LIBRARY = "libc++";
				CLANG_ENABLE_MODULES = YES;
				CLANG_ENABLE_OBJC_ARC = YES;
				CLANG_ENABLE_OBJC_WEAK = YES;
				CLANG_WARN_BLOCK_CAPTURE_AUTORELEASING = YES;
				CLANG_WARN_BOOL_CONVERSION = YES;
				CLANG_WARN_COMMA = YES;
				CLANG_WARN_CONSTANT_CONVERSION = YES;
				CLANG_WARN_DEPRECATED_OBJC_IMPLEMENTATIONS = YES;
				CLANG_WARN_DIRECT_OBJC_ISA_USAGE = YES_ERROR;
				CLANG_WARN_DOCUMENTATION_COMMENTS = YES;
				CLANG_WARN_EMPTY_BODY = YES;
				CLANG_WARN_ENUM_CONVERSION = YES;
				CLANG_WARN_INFINITE_RECURSION = YES;
				CLANG_WARN_INT_CONVERSION = YES;
				CLANG_WARN_NON_LITERAL_NULL_CONVERSION = YES;
				CLANG_WARN_OBJC_IMPLICIT_RETAIN_SELF = YES;
				CLANG_WARN_OBJC_LITERAL_CONVERSION = YES;
				CLANG_WARN_OBJC_ROOT_CLASS = YES_ERROR;
				CLANG_WARN_RANGE_LOOP_ANALYSIS = YES;
				CLANG_WARN_STRICT_PROTOTYPES = YES;
				CLANG_WARN_SUSPICIOUS_MOVE = YES;
				CLANG_WARN_UNGUARDED_AVAILABILITY = YES_AGGRESSIVE;
				CLANG_WARN_UNREACHABLE_CODE = YES;
				CLANG_WARN__DUPLICATE_METHOD_MATCH = YES;
				COPY_PHASE_STRIP = NO;
				DEBUG_INFORMATION_FORMAT = dwarf;
				ENABLE_STRICT_OBJC_MSGSEND = YES;
				ENABLE_TESTABILITY = YES;
				GCC_C_LANGUAGE_STANDARD = gnu11;
				GCC_DYNAMIC_NO_PIC = NO;
				GCC_NO_COMMON_BLOCKS = YES;
				GCC_OPTIMIZATION_LEVEL = 0;
				GCC_PREPROCESSOR_DEFINITIONS = (
					"DEBUG=1",
					"$(inherited)",
				);
				GCC_WARN_64_TO_32_BIT_CONVERSION = YES;
				GCC_WARN_ABOUT_RETURN_TYPE = YES_ERROR;
				GCC_WARN_UNDECLARED_SELECTOR = YES;
				GCC_WARN_UNINITIALIZED_AUTOS = YES_AGGRESSIVE;
				GCC_WARN_UNUSED_FUNCTION = YES;
				GCC_WARN_UNUSED_VARIABLE = YES;
				IPHONEOS_DEPLOYMENT_TARGET = 13.2;
				MTL_ENABLE_DEBUG_INFO = INCLUDE_SOURCE;
				MTL_FAST_MATH = YES;
				ONLY_ACTIVE_ARCH = YES;
				SDKROOT = iphoneos;
				SWIFT_ACTIVE_COMPILATION_CONDITIONS = DEBUG;
				SWIFT_OPTIMIZATION_LEVEL = "-Onone";
			};
			name = Debug;
		};
		CC36146A24204FFB00A311BC /* Release */ = {
			isa = XCBuildConfiguration;
			buildSettings = {
				ALWAYS_SEARCH_USER_PATHS = NO;
				CLANG_ANALYZER_NONNULL = YES;
				CLANG_ANALYZER_NUMBER_OBJECT_CONVERSION = YES_AGGRESSIVE;
				CLANG_CXX_LANGUAGE_STANDARD = "gnu++14";
				CLANG_CXX_LIBRARY = "libc++";
				CLANG_ENABLE_MODULES = YES;
				CLANG_ENABLE_OBJC_ARC = YES;
				CLANG_ENABLE_OBJC_WEAK = YES;
				CLANG_WARN_BLOCK_CAPTURE_AUTORELEASING = YES;
				CLANG_WARN_BOOL_CONVERSION = YES;
				CLANG_WARN_COMMA = YES;
				CLANG_WARN_CONSTANT_CONVERSION = YES;
				CLANG_WARN_DEPRECATED_OBJC_IMPLEMENTATIONS = YES;
				CLANG_WARN_DIRECT_OBJC_ISA_USAGE = YES_ERROR;
				CLANG_WARN_DOCUMENTATION_COMMENTS = YES;
				CLANG_WARN_EMPTY_BODY = YES;
				CLANG_WARN_ENUM_CONVERSION = YES;
				CLANG_WARN_INFINITE_RECURSION = YES;
				CLANG_WARN_INT_CONVERSION = YES;
				CLANG_WARN_NON_LITERAL_NULL_CONVERSION = YES;
				CLANG_WARN_OBJC_IMPLICIT_RETAIN_SELF = YES;
				CLANG_WARN_OBJC_LITERAL_CONVERSION = YES;
				CLANG_WARN_OBJC_ROOT_CLASS = YES_ERROR;
				CLANG_WARN_RANGE_LOOP_ANALYSIS = YES;
				CLANG_WARN_STRICT_PROTOTYPES = YES;
				CLANG_WARN_SUSPICIOUS_MOVE = YES;
				CLANG_WARN_UNGUARDED_AVAILABILITY = YES_AGGRESSIVE;
				CLANG_WARN_UNREACHABLE_CODE = YES;
				CLANG_WARN__DUPLICATE_METHOD_MATCH = YES;
				COPY_PHASE_STRIP = NO;
				DEBUG_INFORMATION_FORMAT = "dwarf-with-dsym";
				ENABLE_NS_ASSERTIONS = NO;
				ENABLE_STRICT_OBJC_MSGSEND = YES;
				GCC_C_LANGUAGE_STANDARD = gnu11;
				GCC_NO_COMMON_BLOCKS = YES;
				GCC_WARN_64_TO_32_BIT_CONVERSION = YES;
				GCC_WARN_ABOUT_RETURN_TYPE = YES_ERROR;
				GCC_WARN_UNDECLARED_SELECTOR = YES;
				GCC_WARN_UNINITIALIZED_AUTOS = YES_AGGRESSIVE;
				GCC_WARN_UNUSED_FUNCTION = YES;
				GCC_WARN_UNUSED_VARIABLE = YES;
				IPHONEOS_DEPLOYMENT_TARGET = 13.2;
				MTL_ENABLE_DEBUG_INFO = NO;
				MTL_FAST_MATH = YES;
				SDKROOT = iphoneos;
				SWIFT_COMPILATION_MODE = wholemodule;
				SWIFT_OPTIMIZATION_LEVEL = "-O";
				VALIDATE_PRODUCT = YES;
			};
			name = Release;
		};
		CC36146C24204FFB00A311BC /* Debug */ = {
			isa = XCBuildConfiguration;
			baseConfigurationReference = 452A89B2C493913DAF69BC6C /* Pods-Schedule.debug.xcconfig */;
			buildSettings = {
				ASSETCATALOG_COMPILER_APPICON_NAME = AppIcon;
				CODE_SIGN_STYLE = Automatic;
				INFOPLIST_FILE = Schedule/Info.plist;
				LD_RUNPATH_SEARCH_PATHS = (
					"$(inherited)",
					"@executable_path/Frameworks",
				);
				PRODUCT_BUNDLE_IDENTIFIER = edu.syr.Sun.Schedule;
				PRODUCT_NAME = "$(TARGET_NAME)";
				SWIFT_VERSION = 5.0;
				TARGETED_DEVICE_FAMILY = "1,2";
			};
			name = Debug;
		};
		CC36146D24204FFB00A311BC /* Release */ = {
			isa = XCBuildConfiguration;
			baseConfigurationReference = AE307C82376F018D03CA4949 /* Pods-Schedule.release.xcconfig */;
			buildSettings = {
				ASSETCATALOG_COMPILER_APPICON_NAME = AppIcon;
				CODE_SIGN_STYLE = Automatic;
				INFOPLIST_FILE = Schedule/Info.plist;
				LD_RUNPATH_SEARCH_PATHS = (
					"$(inherited)",
					"@executable_path/Frameworks",
				);
				PRODUCT_BUNDLE_IDENTIFIER = edu.syr.Sun.Schedule;
				PRODUCT_NAME = "$(TARGET_NAME)";
				SWIFT_VERSION = 5.0;
				TARGETED_DEVICE_FAMILY = "1,2";
			};
			name = Release;
		};
/* End XCBuildConfiguration section */

/* Begin XCConfigurationList section */
		CC36145224204FF500A311BC /* Build configuration list for PBXProject "Schedule" */ = {
			isa = XCConfigurationList;
			buildConfigurations = (
				CC36146924204FFB00A311BC /* Debug */,
				CC36146A24204FFB00A311BC /* Release */,
			);
			defaultConfigurationIsVisible = 0;
			defaultConfigurationName = Release;
		};
		CC36146B24204FFB00A311BC /* Build configuration list for PBXNativeTarget "Schedule" */ = {
			isa = XCConfigurationList;
			buildConfigurations = (
				CC36146C24204FFB00A311BC /* Debug */,
				CC36146D24204FFB00A311BC /* Release */,
			);
			defaultConfigurationIsVisible = 0;
			defaultConfigurationName = Release;
		};
/* End XCConfigurationList section */

/* Begin XCVersionGroup section */
		649EDE07245892D7001D56A8 /* EventsDB.xcdatamodeld */ = {
			isa = XCVersionGroup;
			children = (
				649EDE08245892D7001D56A8 /* EventsDB.xcdatamodel */,
			);
			currentVersion = 649EDE08245892D7001D56A8 /* EventsDB.xcdatamodel */;
			path = EventsDB.xcdatamodeld;
			sourceTree = "<group>";
			versionGroupType = wrapper.xcdatamodel;
		};
/* End XCVersionGroup section */
	};
	rootObject = CC36144F24204FF500A311BC /* Project object */;
}
